
Microsoft Visual Studio Solution File, Format Version 12.00
# Visual Studio Version 17
VisualStudioVersion = 17.1.32407.343
MinimumVisualStudioVersion = 10.0.40219.1
Project("{9A19103F-16F7-4668-BE54-9A1E7A4F7556}") = "KatasApp", "KatasApp\KatasApp.csproj", "{F8DDBE92-E8D3-4B94-A834-55DC4FC0BAAE}"
EndProject
Project("{9A19103F-16F7-4668-BE54-9A1E7A4F7556}") = "KatasTest", "KatasAppTest\KatasTest.csproj", "{9E2F0B16-9FE0-40B0-9A3B-D36DC95B0C28}"
EndProject
Global
	GlobalSection(SolutionConfigurationPlatforms) = preSolution
		Debug|Any CPU = Debug|Any CPU
		Release|Any CPU = Release|Any CPU
	EndGlobalSection
	GlobalSection(ProjectConfigurationPlatforms) = postSolution
		{F8DDBE92-E8D3-4B94-A834-55DC4FC0BAAE}.Debug|Any CPU.ActiveCfg = Debug|Any CPU
		{F8DDBE92-E8D3-4B94-A834-55DC4FC0BAAE}.Debug|Any CPU.Build.0 = Debug|Any CPU
		{F8DDBE92-E8D3-4B94-A834-55DC4FC0BAAE}.Release|Any CPU.ActiveCfg = Release|Any CPU
		{F8DDBE92-E8D3-4B94-A834-55DC4FC0BAAE}.Release|Any CPU.Build.0 = Release|Any CPU
		{9E2F0B16-9FE0-40B0-9A3B-D36DC95B0C28}.Debug|Any CPU.ActiveCfg = Debug|Any CPU
		{9E2F0B16-9FE0-40B0-9A3B-D36DC95B0C28}.Debug|Any CPU.Build.0 = Debug|Any CPU
		{9E2F0B16-9FE0-40B0-9A3B-D36DC95B0C28}.Release|Any CPU.ActiveCfg = Release|Any CPU
		{9E2F0B16-9FE0-40B0-9A3B-D36DC95B0C28}.Release|Any CPU.Build.0 = Release|Any CPU
	EndGlobalSection
	GlobalSection(SolutionProperties) = preSolution
		HideSolutionNode = FALSE
	EndGlobalSection
	GlobalSection(ExtensibilityGlobals) = postSolution
		SolutionGuid = {4CE12BB7-004C-4EF7-A1EC-A5EB7241B979}
	EndGlobalSection
EndGlobal
